
Microsoft Visual Studio Solution File, Format Version 12.00
# Visual Studio 15
VisualStudioVersion = 15.0.27130.2027
MinimumVisualStudioVersion = 10.0.40219.1
Project("{2150E333-8FDC-42A3-9474-1A3956D46DE8}") = "01 Syntax", "01 Syntax", "{F7CDF18E-29AC-4792-9650-F012FAD3351C}"
EndProject
Project("{2150E333-8FDC-42A3-9474-1A3956D46DE8}") = "02 MethodsExceptions", "02 MethodsExceptions", "{C13D51E6-E6AD-4E90-811F-70AA74FA5746}"
EndProject
Project("{2150E333-8FDC-42A3-9474-1A3956D46DE8}") = "03 CodeDevelopment", "03 CodeDevelopment", "{3D09DFF0-9D2F-4504-B125-08CEE09C8162}"
EndProject
Project("{2150E333-8FDC-42A3-9474-1A3956D46DE8}") = "04 Classes", "04 Classes", "{61996F3C-CE79-4E6F-9E17-EAEED05022DE}"
EndProject
Project("{2150E333-8FDC-42A3-9474-1A3956D46DE8}") = "05 Inheritance", "05 Inheritance", "{12CF0BA1-66C3-4B34-8AB9-E00BE49446A3}"
EndProject
Project("{2150E333-8FDC-42A3-9474-1A3956D46DE8}") = "06 LocalData", "06 LocalData", "{8C10017B-A755-4E20-97F1-1D6E9C5B06FC}"
EndProject
Project("{2150E333-8FDC-42A3-9474-1A3956D46DE8}") = "07 Databases", "07 Databases", "{B6A33F6B-C3A6-470B-86C0-B0CC00770B5D}"
EndProject
Project("{2150E333-8FDC-42A3-9474-1A3956D46DE8}") = "08 RemoteData", "08 RemoteData", "{D1555E63-B3C6-47FF-BB81-DF397AF1C897}"
EndProject
Project("{2150E333-8FDC-42A3-9474-1A3956D46DE8}") = "09 DesigningUI", "09 DesigningUI", "{71A31B5D-70C1-4EEA-AE6B-A26EB480A2A8}"
EndProject
Project("{2150E333-8FDC-42A3-9474-1A3956D46DE8}") = "10 Performance", "10 Performance", "{EE2F4572-DF93-4F4C-B82D-D5F38AACD0B2}"
EndProject
Project("{FAE04EC0-301F-11D3-BF4B-00C04F79EFBC}") = "GarageApp", "Classes\GarageApp\GarageApp.csproj", "{461146FB-4ED8-4CD3-A28D-C73EB0B48EE0}"
EndProject
Project("{FAE04EC0-301F-11D3-BF4B-00C04F79EFBC}") = "GarageApp", "Inheritance\GarageApp\GarageApp.csproj", "{9047E35D-4B29-40AC-B38D-762C466D7EFC}"
EndProject
Project("{FAE04EC0-301F-11D3-BF4B-00C04F79EFBC}") = "GarageApp", "Local data\GarageApp\GarageApp.csproj", "{2524EFA8-BB79-4751-ABC7-60D766ABCDEA}"
EndProject
Project("{FAE04EC0-301F-11D3-BF4B-00C04F79EFBC}") = "GarageApp", "Databases\GarageApp\GarageApp.csproj", "{36CE5CD1-5955-46D8-A3E6-4D6BBB1E1356}"
EndProject
Project("{FAE04EC0-301F-11D3-BF4B-00C04F79EFBC}") = "GarageApp", "Remote data\GarageApp\GarageApp.csproj", "{A65E85A7-AFA8-44C3-BB4A-30C08BD41B9C}"
EndProject
Project("{FAE04EC0-301F-11D3-BF4B-00C04F79EFBC}") = "GarageApp", "Designing UI\GarageApp\GarageApp.csproj", "{A3937BE0-550F-475C-9E7C-91A698821259}"
EndProject
Project("{FAE04EC0-301F-11D3-BF4B-00C04F79EFBC}") = "GarageApp", "Performance\GarageApp\GarageApp.csproj", "{18F7DABB-F277-4F80-89F3-5A6ED4F44A82}"
EndProject
Project("{FAE04EC0-301F-11D3-BF4B-00C04F79EFBC}") = "GarageApp", "Syntax\GarageApp\GarageApp.csproj", "{DEF964C7-5944-4F0E-A442-7083C92E79EE}"
EndProject
Project("{FAE04EC0-301F-11D3-BF4B-00C04F79EFBC}") = "GarageApp", "Methods\GarageApp\GarageApp.csproj", "{D0C1BA03-9BC2-45C0-BDB2-EF4E6CEDBE13}"
EndProject
Project("{FAE04EC0-301F-11D3-BF4B-00C04F79EFBC}") = "GarageApp", "Code development\GarageApp\GarageApp.csproj", "{C1DD2FC4-9453-4962-B99C-DEBC8577F3B6}"
EndProject
Project("{2150E333-8FDC-42A3-9474-1A3956D46DE8}") = "11 Unmanaged", "11 Unmanaged", "{81621D5D-0C4A-4CE5-924A-F4597501F6DC}"
EndProject
Project("{FAE04EC0-301F-11D3-BF4B-00C04F79EFBC}") = "GarageApp", "Unmanaged\GarageApp\GarageApp.csproj", "{9FD1A746-DE6D-487D-8C88-F7727F50E020}"
EndProject
Project("{2150E333-8FDC-42A3-9474-1A3956D46DE8}") = "12 Reusable types", "12 Reusable types", "{3F84AE32-F0BB-4E86-AED8-CE0BDD9FF27F}"
EndProject
Project("{FAE04EC0-301F-11D3-BF4B-00C04F79EFBC}") = "GarageApp", "Reusable types\GarageApp\GarageApp.csproj", "{4E12A072-53F6-4728-857D-44B0D2F224AD}"
EndProject
Project("{2150E333-8FDC-42A3-9474-1A3956D46DE8}") = "13 Encryption", "13 Encryption", "{9EBB0E10-4AA6-4A90-AFD6-ABDC9C11C19D}"
EndProject
Project("{FAE04EC0-301F-11D3-BF4B-00C04F79EFBC}") = "GarageApp", "Encryption\GarageApp\GarageApp.csproj", "{318F742E-4EB6-47B2-AF2F-D95D7FE4314B}"
EndProject
Global
	GlobalSection(SolutionConfigurationPlatforms) = preSolution
		Debug|Any CPU = Debug|Any CPU
		Release|Any CPU = Release|Any CPU
	EndGlobalSection
	GlobalSection(ProjectConfigurationPlatforms) = postSolution
		{461146FB-4ED8-4CD3-A28D-C73EB0B48EE0}.Debug|Any CPU.ActiveCfg = Debug|Any CPU
		{461146FB-4ED8-4CD3-A28D-C73EB0B48EE0}.Debug|Any CPU.Build.0 = Debug|Any CPU
		{461146FB-4ED8-4CD3-A28D-C73EB0B48EE0}.Release|Any CPU.ActiveCfg = Release|Any CPU
		{461146FB-4ED8-4CD3-A28D-C73EB0B48EE0}.Release|Any CPU.Build.0 = Release|Any CPU
		{9047E35D-4B29-40AC-B38D-762C466D7EFC}.Debug|Any CPU.ActiveCfg = Debug|Any CPU
		{9047E35D-4B29-40AC-B38D-762C466D7EFC}.Debug|Any CPU.Build.0 = Debug|Any CPU
		{9047E35D-4B29-40AC-B38D-762C466D7EFC}.Release|Any CPU.ActiveCfg = Release|Any CPU
		{9047E35D-4B29-40AC-B38D-762C466D7EFC}.Release|Any CPU.Build.0 = Release|Any CPU
		{2524EFA8-BB79-4751-ABC7-60D766ABCDEA}.Debug|Any CPU.ActiveCfg = Debug|Any CPU
		{2524EFA8-BB79-4751-ABC7-60D766ABCDEA}.Debug|Any CPU.Build.0 = Debug|Any CPU
		{2524EFA8-BB79-4751-ABC7-60D766ABCDEA}.Release|Any CPU.ActiveCfg = Release|Any CPU
		{2524EFA8-BB79-4751-ABC7-60D766ABCDEA}.Release|Any CPU.Build.0 = Release|Any CPU
		{36CE5CD1-5955-46D8-A3E6-4D6BBB1E1356}.Debug|Any CPU.ActiveCfg = Debug|Any CPU
		{36CE5CD1-5955-46D8-A3E6-4D6BBB1E1356}.Debug|Any CPU.Build.0 = Debug|Any CPU
		{36CE5CD1-5955-46D8-A3E6-4D6BBB1E1356}.Release|Any CPU.ActiveCfg = Release|Any CPU
		{36CE5CD1-5955-46D8-A3E6-4D6BBB1E1356}.Release|Any CPU.Build.0 = Release|Any CPU
		{A65E85A7-AFA8-44C3-BB4A-30C08BD41B9C}.Debug|Any CPU.ActiveCfg = Debug|Any CPU
		{A65E85A7-AFA8-44C3-BB4A-30C08BD41B9C}.Debug|Any CPU.Build.0 = Debug|Any CPU
		{A65E85A7-AFA8-44C3-BB4A-30C08BD41B9C}.Release|Any CPU.ActiveCfg = Release|Any CPU
		{A65E85A7-AFA8-44C3-BB4A-30C08BD41B9C}.Release|Any CPU.Build.0 = Release|Any CPU
		{A3937BE0-550F-475C-9E7C-91A698821259}.Debug|Any CPU.ActiveCfg = Debug|Any CPU
		{A3937BE0-550F-475C-9E7C-91A698821259}.Debug|Any CPU.Build.0 = Debug|Any CPU
		{A3937BE0-550F-475C-9E7C-91A698821259}.Release|Any CPU.ActiveCfg = Release|Any CPU
		{A3937BE0-550F-475C-9E7C-91A698821259}.Release|Any CPU.Build.0 = Release|Any CPU
		{18F7DABB-F277-4F80-89F3-5A6ED4F44A82}.Debug|Any CPU.ActiveCfg = Debug|Any CPU
		{18F7DABB-F277-4F80-89F3-5A6ED4F44A82}.Debug|Any CPU.Build.0 = Debug|Any CPU
		{18F7DABB-F277-4F80-89F3-5A6ED4F44A82}.Release|Any CPU.ActiveCfg = Release|Any CPU
		{18F7DABB-F277-4F80-89F3-5A6ED4F44A82}.Release|Any CPU.Build.0 = Release|Any CPU
		{DEF964C7-5944-4F0E-A442-7083C92E79EE}.Debug|Any CPU.ActiveCfg = Debug|Any CPU
		{DEF964C7-5944-4F0E-A442-7083C92E79EE}.Debug|Any CPU.Build.0 = Debug|Any CPU
		{DEF964C7-5944-4F0E-A442-7083C92E79EE}.Release|Any CPU.ActiveCfg = Release|Any CPU
		{DEF964C7-5944-4F0E-A442-7083C92E79EE}.Release|Any CPU.Build.0 = Release|Any CPU
		{D0C1BA03-9BC2-45C0-BDB2-EF4E6CEDBE13}.Debug|Any CPU.ActiveCfg = Debug|Any CPU
		{D0C1BA03-9BC2-45C0-BDB2-EF4E6CEDBE13}.Debug|Any CPU.Build.0 = Debug|Any CPU
		{D0C1BA03-9BC2-45C0-BDB2-EF4E6CEDBE13}.Release|Any CPU.ActiveCfg = Release|Any CPU
		{D0C1BA03-9BC2-45C0-BDB2-EF4E6CEDBE13}.Release|Any CPU.Build.0 = Release|Any CPU
		{C1DD2FC4-9453-4962-B99C-DEBC8577F3B6}.Debug|Any CPU.ActiveCfg = Debug|Any CPU
		{C1DD2FC4-9453-4962-B99C-DEBC8577F3B6}.Debug|Any CPU.Build.0 = Debug|Any CPU
		{C1DD2FC4-9453-4962-B99C-DEBC8577F3B6}.Release|Any CPU.ActiveCfg = Release|Any CPU
		{C1DD2FC4-9453-4962-B99C-DEBC8577F3B6}.Release|Any CPU.Build.0 = Release|Any CPU
		{9FD1A746-DE6D-487D-8C88-F7727F50E020}.Debug|Any CPU.ActiveCfg = Debug|Any CPU
		{9FD1A746-DE6D-487D-8C88-F7727F50E020}.Debug|Any CPU.Build.0 = Debug|Any CPU
		{9FD1A746-DE6D-487D-8C88-F7727F50E020}.Release|Any CPU.ActiveCfg = Release|Any CPU
		{9FD1A746-DE6D-487D-8C88-F7727F50E020}.Release|Any CPU.Build.0 = Release|Any CPU
		{4E12A072-53F6-4728-857D-44B0D2F224AD}.Debug|Any CPU.ActiveCfg = Debug|Any CPU
		{4E12A072-53F6-4728-857D-44B0D2F224AD}.Debug|Any CPU.Build.0 = Debug|Any CPU
		{4E12A072-53F6-4728-857D-44B0D2F224AD}.Release|Any CPU.ActiveCfg = Release|Any CPU
		{4E12A072-53F6-4728-857D-44B0D2F224AD}.Release|Any CPU.Build.0 = Release|Any CPU
		{318F742E-4EB6-47B2-AF2F-D95D7FE4314B}.Debug|Any CPU.ActiveCfg = Debug|Any CPU
		{318F742E-4EB6-47B2-AF2F-D95D7FE4314B}.Debug|Any CPU.Build.0 = Debug|Any CPU
		{318F742E-4EB6-47B2-AF2F-D95D7FE4314B}.Release|Any CPU.ActiveCfg = Release|Any CPU
		{318F742E-4EB6-47B2-AF2F-D95D7FE4314B}.Release|Any CPU.Build.0 = Release|Any CPU
	EndGlobalSection
	GlobalSection(SolutionProperties) = preSolution
		HideSolutionNode = FALSE
	EndGlobalSection
	GlobalSection(NestedProjects) = preSolution
		{461146FB-4ED8-4CD3-A28D-C73EB0B48EE0} = {61996F3C-CE79-4E6F-9E17-EAEED05022DE}
		{9047E35D-4B29-40AC-B38D-762C466D7EFC} = {12CF0BA1-66C3-4B34-8AB9-E00BE49446A3}
		{2524EFA8-BB79-4751-ABC7-60D766ABCDEA} = {8C10017B-A755-4E20-97F1-1D6E9C5B06FC}
		{36CE5CD1-5955-46D8-A3E6-4D6BBB1E1356} = {B6A33F6B-C3A6-470B-86C0-B0CC00770B5D}
		{A65E85A7-AFA8-44C3-BB4A-30C08BD41B9C} = {D1555E63-B3C6-47FF-BB81-DF397AF1C897}
		{A3937BE0-550F-475C-9E7C-91A698821259} = {71A31B5D-70C1-4EEA-AE6B-A26EB480A2A8}
		{18F7DABB-F277-4F80-89F3-5A6ED4F44A82} = {EE2F4572-DF93-4F4C-B82D-D5F38AACD0B2}
		{DEF964C7-5944-4F0E-A442-7083C92E79EE} = {F7CDF18E-29AC-4792-9650-F012FAD3351C}
		{D0C1BA03-9BC2-45C0-BDB2-EF4E6CEDBE13} = {C13D51E6-E6AD-4E90-811F-70AA74FA5746}
		{C1DD2FC4-9453-4962-B99C-DEBC8577F3B6} = {3D09DFF0-9D2F-4504-B125-08CEE09C8162}
		{9FD1A746-DE6D-487D-8C88-F7727F50E020} = {81621D5D-0C4A-4CE5-924A-F4597501F6DC}
		{4E12A072-53F6-4728-857D-44B0D2F224AD} = {3F84AE32-F0BB-4E86-AED8-CE0BDD9FF27F}
		{318F742E-4EB6-47B2-AF2F-D95D7FE4314B} = {9EBB0E10-4AA6-4A90-AFD6-ABDC9C11C19D}
	EndGlobalSection
	GlobalSection(ExtensibilityGlobals) = postSolution
		SolutionGuid = {B65C4182-9B3A-4CDC-9CC9-8FAB780AF350}
	EndGlobalSection
EndGlobal
